
Microsoft Visual Studio Solution File, Format Version 12.00
# Visual Studio Version 17
VisualStudioVersion = 17.1.32407.343
MinimumVisualStudioVersion = 10.0.40219.1
Project("{FAE04EC0-301F-11D3-BF4B-00C04F79EFBC}") = "Account", "Account\Account.csproj", "{1855B884-9ACF-4B85-BF36-7AF48B8170CF}"
EndProject
Global
	GlobalSection(SolutionConfigurationPlatforms) = preSolution
		Debug|Any CPU = Debug|Any CPU
		Release|Any CPU = Release|Any CPU
	EndGlobalSection
	GlobalSection(ProjectConfigurationPlatforms) = postSolution
		{1855B884-9ACF-4B85-BF36-7AF48B8170CF}.Debug|Any CPU.ActiveCfg = Debug|Any CPU
		{1855B884-9ACF-4B85-BF36-7AF48B8170CF}.Debug|Any CPU.Build.0 = Debug|Any CPU
		{1855B884-9ACF-4B85-BF36-7AF48B8170CF}.Release|Any CPU.ActiveCfg = Release|Any CPU
		{1855B884-9ACF-4B85-BF36-7AF48B8170CF}.Release|Any CPU.Build.0 = Release|Any CPU
	EndGlobalSection
	GlobalSection(SolutionProperties) = preSolution
		HideSolutionNode = FALSE
	EndGlobalSection
	GlobalSection(ExtensibilityGlobals) = postSolution
		SolutionGuid = {AC2AEDF1-F71E-40C2-A168-DBFC34BF8F3A}
	EndGlobalSection
EndGlobal
